
Microsoft Visual Studio Solution File, Format Version 12.00
# Visual Studio 14
VisualStudioVersion = 14.0.25420.1
MinimumVisualStudioVersion = 10.0.40219.1
Project("{FAE04EC0-301F-11D3-BF4B-00C04F79EFBC}") = "EdlinSoftware.Toastr", "EdlinSoftware.Toastr\EdlinSoftware.Toastr.csproj", "{EC822654-CDE4-4EE2-B033-55125CD11B80}"
EndProject
Project("{FAE04EC0-301F-11D3-BF4B-00C04F79EFBC}") = "EdlinSoftware.Toastr.Tests", "EdlinSoftware.Toastr.Tests\EdlinSoftware.Toastr.Tests.csproj", "{8991443B-BBA3-4E22-9A95-F528789336A3}"
EndProject
Global
	GlobalSection(SolutionConfigurationPlatforms) = preSolution
		Debug|Any CPU = Debug|Any CPU
		Release|Any CPU = Release|Any CPU
	EndGlobalSection
	GlobalSection(ProjectConfigurationPlatforms) = postSolution
		{EC822654-CDE4-4EE2-B033-55125CD11B80}.Debug|Any CPU.ActiveCfg = Debug|Any CPU
		{EC822654-CDE4-4EE2-B033-55125CD11B80}.Debug|Any CPU.Build.0 = Debug|Any CPU
		{EC822654-CDE4-4EE2-B033-55125CD11B80}.Release|Any CPU.ActiveCfg = Release|Any CPU
		{EC822654-CDE4-4EE2-B033-55125CD11B80}.Release|Any CPU.Build.0 = Release|Any CPU
		{8991443B-BBA3-4E22-9A95-F528789336A3}.Debug|Any CPU.ActiveCfg = Debug|Any CPU
		{8991443B-BBA3-4E22-9A95-F528789336A3}.Debug|Any CPU.Build.0 = Debug|Any CPU
		{8991443B-BBA3-4E22-9A95-F528789336A3}.Release|Any CPU.ActiveCfg = Release|Any CPU
		{8991443B-BBA3-4E22-9A95-F528789336A3}.Release|Any CPU.Build.0 = Release|Any CPU
	EndGlobalSection
	GlobalSection(SolutionProperties) = preSolution
		HideSolutionNode = FALSE
	EndGlobalSection
EndGlobal
